
Microsoft Visual Studio Solution File, Format Version 12.00
# Visual Studio Version 17
VisualStudioVersion = 17.5.002.0
MinimumVisualStudioVersion = 10.0.40219.1
Project("{9A19103F-16F7-4668-BE54-9A1E7A4F7556}") = "webform-mvc", "webform-mvc.csproj", "{E515F9A9-25F1-405E-B08B-BF7D87319A48}"
EndProject
Global
	GlobalSection(SolutionConfigurationPlatforms) = preSolution
		Debug|Any CPU = Debug|Any CPU
		Release|Any CPU = Release|Any CPU
	EndGlobalSection
	GlobalSection(ProjectConfigurationPlatforms) = postSolution
		{E515F9A9-25F1-405E-B08B-BF7D87319A48}.Debug|Any CPU.ActiveCfg = Debug|Any CPU
		{E515F9A9-25F1-405E-B08B-BF7D87319A48}.Debug|Any CPU.Build.0 = Debug|Any CPU
		{E515F9A9-25F1-405E-B08B-BF7D87319A48}.Release|Any CPU.ActiveCfg = Release|Any CPU
		{E515F9A9-25F1-405E-B08B-BF7D87319A48}.Release|Any CPU.Build.0 = Release|Any CPU
	EndGlobalSection
	GlobalSection(SolutionProperties) = preSolution
		HideSolutionNode = FALSE
	EndGlobalSection
	GlobalSection(ExtensibilityGlobals) = postSolution
		SolutionGuid = {46846163-151F-42E6-A189-F3688C352D81}
	EndGlobalSection
EndGlobal
